// !$*UTF8*$!
{
	archiveVersion = 1;
	classes = {
	};
	objectVersion = 50;
	objects = {

/* Begin PBXBuildFile section */
		2A5CD25EC18DCB43C8CC2650 /* Pods_QuizzWall.framework in Frameworks */ = {isa = PBXBuildFile; fileRef = E97C9BCA455EEC688B4B7BDD /* Pods_QuizzWall.framework */; };
		AD1051192139265F002AAE83 /* Localizable.strings in Resources */ = {isa = PBXBuildFile; fileRef = AD1051182139265F002AAE83 /* Localizable.strings */; };
		AD192D5C213438B10041921C /* MVVM_FileSystem.swift in Sources */ = {isa = PBXBuildFile; fileRef = AD192D5B213438B10041921C /* MVVM_FileSystem.swift */; };
		AD192D5E21343FC40041921C /* Model.swift in Sources */ = {isa = PBXBuildFile; fileRef = AD192D5D21343FC40041921C /* Model.swift */; };
		AD192D6321352DB50041921C /* PhoneLanguage.swift in Sources */ = {isa = PBXBuildFile; fileRef = AD192D6221352DB50041921C /* PhoneLanguage.swift */; };
		AD192D652135379A0041921C /* Networking.swift in Sources */ = {isa = PBXBuildFile; fileRef = AD192D642135379A0041921C /* Networking.swift */; };
		AD1A768A21330409008EADD0 /* GoogleService-Info.plist in Resources */ = {isa = PBXBuildFile; fileRef = AD1A768921330408008EADD0 /* GoogleService-Info.plist */; };
		AD54569C213321910070890F /* Constants.swift in Sources */ = {isa = PBXBuildFile; fileRef = AD54569B213321910070890F /* Constants.swift */; };
		AD54569F213321DC0070890F /* ServerRequest.swift in Sources */ = {isa = PBXBuildFile; fileRef = AD54569E213321DC0070890F /* ServerRequest.swift */; };
		AD5456A1213323130070890F /* Versions.swift in Sources */ = {isa = PBXBuildFile; fileRef = AD5456A0213323130070890F /* Versions.swift */; };
		AD5456A3213324240070890F /* Globals.swift in Sources */ = {isa = PBXBuildFile; fileRef = AD5456A2213324240070890F /* Globals.swift */; };
		AD5456A821334DDF0070890F /* questionVersions.swift in Sources */ = {isa = PBXBuildFile; fileRef = AD5456A721334DDF0070890F /* questionVersions.swift */; };
		AD5ADF4D2139412F00FAE42E /* BtnWithInlineImgImgLbl.swift in Sources */ = {isa = PBXBuildFile; fileRef = AD5ADF4B2139412E00FAE42E /* BtnWithInlineImgImgLbl.swift */; };
		AD5ADF4E2139412F00FAE42E /* BtnWithInlineImgImgLbl.xib in Resources */ = {isa = PBXBuildFile; fileRef = AD5ADF4C2139412E00FAE42E /* BtnWithInlineImgImgLbl.xib */; };
		AD86A4B82133E08200119A7B /* UserDefaultsPersister.swift in Sources */ = {isa = PBXBuildFile; fileRef = AD86A4B72133E08200119A7B /* UserDefaultsPersister.swift */; };
		AD86A4BB2133EA4D00119A7B /* MVVM_UserDefaults.swift in Sources */ = {isa = PBXBuildFile; fileRef = AD86A4BA2133EA4D00119A7B /* MVVM_UserDefaults.swift */; };
		AD86A4BE213409C500119A7B /* FileManagerPersister.swift in Sources */ = {isa = PBXBuildFile; fileRef = AD86A4BD213409C500119A7B /* FileManagerPersister.swift */; };
		AD86A4C121340ED800119A7B /* Extensions.swift in Sources */ = {isa = PBXBuildFile; fileRef = AD86A4C021340ED800119A7B /* Extensions.swift */; };
		ADB9AD71213954CE0051FD51 /* InfoView.xib in Resources */ = {isa = PBXBuildFile; fileRef = ADB9AD70213954CE0051FD51 /* InfoView.xib */; };
		ADB9AD73213954E30051FD51 /* InfoView.swift in Sources */ = {isa = PBXBuildFile; fileRef = ADB9AD72213954E30051FD51 /* InfoView.swift */; };
		ADD3681C2136DA2A00C6E7DA /* AG_Protocols_2.swift in Sources */ = {isa = PBXBuildFile; fileRef = ADD367E92136DA2900C6E7DA /* AG_Protocols_2.swift */; };
		ADD3681D2136DA2A00C6E7DA /* AG_Protocols_1.swift in Sources */ = {isa = PBXBuildFile; fileRef = ADD367EA2136DA2900C6E7DA /* AG_Protocols_1.swift */; };
		ADD3681E2136DA2A00C6E7DA /* SoundManager.swift in Sources */ = {isa = PBXBuildFile; fileRef = ADD367EC2136DA2900C6E7DA /* SoundManager.swift */; };
		ADD3681F2136DA2A00C6E7DA /* SoundProtocols.swift in Sources */ = {isa = PBXBuildFile; fileRef = ADD367ED2136DA2900C6E7DA /* SoundProtocols.swift */; };
		ADD368202136DA2A00C6E7DA /* ModelSoundTypes.swift in Sources */ = {isa = PBXBuildFile; fileRef = ADD367EE2136DA2900C6E7DA /* ModelSoundTypes.swift */; };
		ADD368212136DA2A00C6E7DA /* GlobalsTemp.swift in Sources */ = {isa = PBXBuildFile; fileRef = ADD367F02136DA2900C6E7DA /* GlobalsTemp.swift */; };
		ADD368222136DA2A00C6E7DA /* BB_HammerView.xib in Resources */ = {isa = PBXBuildFile; fileRef = ADD367F52136DA2900C6E7DA /* BB_HammerView.xib */; };
		ADD368232136DA2A00C6E7DA /* BB_BuyTotemView.swift in Sources */ = {isa = PBXBuildFile; fileRef = ADD367F62136DA2900C6E7DA /* BB_BuyTotemView.swift */; };
		ADD368242136DA2A00C6E7DA /* BB_TNameScoreView.xib in Resources */ = {isa = PBXBuildFile; fileRef = ADD367F72136DA2900C6E7DA /* BB_TNameScoreView.xib */; };
		ADD368252136DA2A00C6E7DA /* BB_BricksBarView.swift in Sources */ = {isa = PBXBuildFile; fileRef = ADD367F82136DA2900C6E7DA /* BB_BricksBarView.swift */; };
		ADD368262136DA2A00C6E7DA /* BB_BuyTotemView.xib in Resources */ = {isa = PBXBuildFile; fileRef = ADD367F92136DA2900C6E7DA /* BB_BuyTotemView.xib */; };
		ADD368272136DA2A00C6E7DA /* BB_TNameScoreView.swift in Sources */ = {isa = PBXBuildFile; fileRef = ADD367FA2136DA2900C6E7DA /* BB_TNameScoreView.swift */; };
		ADD368282136DA2A00C6E7DA /* BB_BricksBarView.xib in Resources */ = {isa = PBXBuildFile; fileRef = ADD367FB2136DA2900C6E7DA /* BB_BricksBarView.xib */; };
		ADD368292136DA2A00C6E7DA /* BB_HammerView.swift in Sources */ = {isa = PBXBuildFile; fileRef = ADD367FC2136DA2900C6E7DA /* BB_HammerView.swift */; };
		ADD3682A2136DA2A00C6E7DA /* CT_Globals.swift in Sources */ = {isa = PBXBuildFile; fileRef = ADD367FE2136DA2900C6E7DA /* CT_Globals.swift */; };
		ADD3682B2136DA2A00C6E7DA /* CT_Model_1.swift in Sources */ = {isa = PBXBuildFile; fileRef = ADD368002136DA2900C6E7DA /* CT_Model_1.swift */; };
		ADD3682C2136DA2A00C6E7DA /* CT_Model.swift in Sources */ = {isa = PBXBuildFile; fileRef = ADD368012136DA2900C6E7DA /* CT_Model.swift */; };
		ADD3682D2136DA2A00C6E7DA /* BW_Assets.xcassets in Resources */ = {isa = PBXBuildFile; fileRef = ADD368032136DA2900C6E7DA /* BW_Assets.xcassets */; };
		ADD3682F2136DA2A00C6E7DA /* CT_Constants.swift in Sources */ = {isa = PBXBuildFile; fileRef = ADD368072136DA2900C6E7DA /* CT_Constants.swift */; };
		ADD368302136DA2A00C6E7DA /* CT_Stopwatch.swift in Sources */ = {isa = PBXBuildFile; fileRef = ADD368092136DA2900C6E7DA /* CT_Stopwatch.swift */; };
		ADD368312136DA2A00C6E7DA /* Assets.xcassets in Resources */ = {isa = PBXBuildFile; fileRef = ADD3680B2136DA2900C6E7DA /* Assets.xcassets */; };
		ADD368322136DA2A00C6E7DA /* BrickWallVC.swift in Sources */ = {isa = PBXBuildFile; fileRef = ADD3680D2136DA2900C6E7DA /* BrickWallVC.swift */; };
		ADD368332136DA2A00C6E7DA /* CT_Protocols_2.swift in Sources */ = {isa = PBXBuildFile; fileRef = ADD3680F2136DA2900C6E7DA /* CT_Protocols_2.swift */; };
		ADD368342136DA2A00C6E7DA /* CT_Protocols_1.swift in Sources */ = {isa = PBXBuildFile; fileRef = ADD368102136DA2900C6E7DA /* CT_Protocols_1.swift */; };
		ADD368352136DA2A00C6E7DA /* CT_Protocols_3.swift in Sources */ = {isa = PBXBuildFile; fileRef = ADD368112136DA2900C6E7DA /* CT_Protocols_3.swift */; };
		ADD368362136DA2A00C6E7DA /* totemOriginal.json in Resources */ = {isa = PBXBuildFile; fileRef = ADD368132136DA2900C6E7DA /* totemOriginal.json */; };
		ADD368372136DA2A00C6E7DA /* BW_BrickView.xib in Resources */ = {isa = PBXBuildFile; fileRef = ADD368162136DA2900C6E7DA /* BW_BrickView.xib */; };
		ADD368382136DA2A00C6E7DA /* BW_GameOver.swift in Sources */ = {isa = PBXBuildFile; fileRef = ADD368172136DA2900C6E7DA /* BW_GameOver.swift */; };
		ADD368392136DA2A00C6E7DA /* BW_GameOver.xib in Resources */ = {isa = PBXBuildFile; fileRef = ADD368182136DA2900C6E7DA /* BW_GameOver.xib */; };
		ADD3683A2136DA2A00C6E7DA /* BW_BrickView.swift in Sources */ = {isa = PBXBuildFile; fileRef = ADD368192136DA2900C6E7DA /* BW_BrickView.swift */; };
		ADD3683B2136DA2A00C6E7DA /* BB_Assets.xcassets in Resources */ = {isa = PBXBuildFile; fileRef = ADD3681B2136DA2900C6E7DA /* BB_Assets.xcassets */; };
		ADD40DAF213300F600DE27C9 /* AppDelegate.swift in Sources */ = {isa = PBXBuildFile; fileRef = ADD40DAE213300F600DE27C9 /* AppDelegate.swift */; };
		ADD40DB1213300F700DE27C9 /* QuizzVC.swift in Sources */ = {isa = PBXBuildFile; fileRef = ADD40DB0213300F700DE27C9 /* QuizzVC.swift */; };
		ADD40DB4213300F700DE27C9 /* Main.storyboard in Resources */ = {isa = PBXBuildFile; fileRef = ADD40DB2213300F700DE27C9 /* Main.storyboard */; };
		ADD40DB6213300F900DE27C9 /* Assets.xcassets in Resources */ = {isa = PBXBuildFile; fileRef = ADD40DB5213300F900DE27C9 /* Assets.xcassets */; };
		ADD40DB9213300F900DE27C9 /* LaunchScreen.storyboard in Resources */ = {isa = PBXBuildFile; fileRef = ADD40DB7213300F900DE27C9 /* LaunchScreen.storyboard */; };
/* End PBXBuildFile section */

/* Begin PBXFileReference section */
		9C1AFA85751F72C83DBF76A2 /* Pods-QuizzWall.debug.xcconfig */ = {isa = PBXFileReference; includeInIndex = 1; lastKnownFileType = text.xcconfig; name = "Pods-QuizzWall.debug.xcconfig"; path = "Pods/Target Support Files/Pods-QuizzWall/Pods-QuizzWall.debug.xcconfig"; sourceTree = "<group>"; };
		AD1051182139265F002AAE83 /* Localizable.strings */ = {isa = PBXFileReference; lastKnownFileType = text.plist.strings; path = Localizable.strings; sourceTree = "<group>"; };
		AD192D5B213438B10041921C /* MVVM_FileSystem.swift */ = {isa = PBXFileReference; lastKnownFileType = sourcecode.swift; path = MVVM_FileSystem.swift; sourceTree = "<group>"; };
		AD192D5D21343FC40041921C /* Model.swift */ = {isa = PBXFileReference; lastKnownFileType = sourcecode.swift; path = Model.swift; sourceTree = "<group>"; };
		AD192D6221352DB50041921C /* PhoneLanguage.swift */ = {isa = PBXFileReference; lastKnownFileType = sourcecode.swift; path = PhoneLanguage.swift; sourceTree = "<group>"; };
		AD192D642135379A0041921C /* Networking.swift */ = {isa = PBXFileReference; lastKnownFileType = sourcecode.swift; path = Networking.swift; sourceTree = "<group>"; };
		AD1A768921330408008EADD0 /* GoogleService-Info.plist */ = {isa = PBXFileReference; fileEncoding = 4; lastKnownFileType = text.plist.xml; path = "GoogleService-Info.plist"; sourceTree = "<group>"; };
		AD54569B213321910070890F /* Constants.swift */ = {isa = PBXFileReference; lastKnownFileType = sourcecode.swift; path = Constants.swift; sourceTree = "<group>"; };
		AD54569E213321DC0070890F /* ServerRequest.swift */ = {isa = PBXFileReference; lastKnownFileType = sourcecode.swift; path = ServerRequest.swift; sourceTree = "<group>"; };
		AD5456A0213323130070890F /* Versions.swift */ = {isa = PBXFileReference; lastKnownFileType = sourcecode.swift; path = Versions.swift; sourceTree = "<group>"; };
		AD5456A2213324240070890F /* Globals.swift */ = {isa = PBXFileReference; lastKnownFileType = sourcecode.swift; path = Globals.swift; sourceTree = "<group>"; };
		AD5456A721334DDF0070890F /* questionVersions.swift */ = {isa = PBXFileReference; lastKnownFileType = sourcecode.swift; path = questionVersions.swift; sourceTree = "<group>"; };
		AD5ADF4B2139412E00FAE42E /* BtnWithInlineImgImgLbl.swift */ = {isa = PBXFileReference; fileEncoding = 4; lastKnownFileType = sourcecode.swift; path = BtnWithInlineImgImgLbl.swift; sourceTree = "<group>"; };
		AD5ADF4C2139412E00FAE42E /* BtnWithInlineImgImgLbl.xib */ = {isa = PBXFileReference; fileEncoding = 4; lastKnownFileType = file.xib; path = BtnWithInlineImgImgLbl.xib; sourceTree = "<group>"; };
		AD86A4B72133E08200119A7B /* UserDefaultsPersister.swift */ = {isa = PBXFileReference; lastKnownFileType = sourcecode.swift; path = UserDefaultsPersister.swift; sourceTree = "<group>"; };
		AD86A4BA2133EA4D00119A7B /* MVVM_UserDefaults.swift */ = {isa = PBXFileReference; lastKnownFileType = sourcecode.swift; path = MVVM_UserDefaults.swift; sourceTree = "<group>"; };
		AD86A4BD213409C500119A7B /* FileManagerPersister.swift */ = {isa = PBXFileReference; lastKnownFileType = sourcecode.swift; path = FileManagerPersister.swift; sourceTree = "<group>"; };
		AD86A4C021340ED800119A7B /* Extensions.swift */ = {isa = PBXFileReference; lastKnownFileType = sourcecode.swift; path = Extensions.swift; sourceTree = "<group>"; };
		ADB9AD70213954CE0051FD51 /* InfoView.xib */ = {isa = PBXFileReference; lastKnownFileType = file.xib; path = InfoView.xib; sourceTree = "<group>"; };
		ADB9AD72213954E30051FD51 /* InfoView.swift */ = {isa = PBXFileReference; lastKnownFileType = sourcecode.swift; path = InfoView.swift; sourceTree = "<group>"; };
		ADD367E92136DA2900C6E7DA /* AG_Protocols_2.swift */ = {isa = PBXFileReference; fileEncoding = 4; lastKnownFileType = sourcecode.swift; path = AG_Protocols_2.swift; sourceTree = "<group>"; };
		ADD367EA2136DA2900C6E7DA /* AG_Protocols_1.swift */ = {isa = PBXFileReference; fileEncoding = 4; lastKnownFileType = sourcecode.swift; path = AG_Protocols_1.swift; sourceTree = "<group>"; };
		ADD367EC2136DA2900C6E7DA /* SoundManager.swift */ = {isa = PBXFileReference; fileEncoding = 4; lastKnownFileType = sourcecode.swift; path = SoundManager.swift; sourceTree = "<group>"; };
		ADD367ED2136DA2900C6E7DA /* SoundProtocols.swift */ = {isa = PBXFileReference; fileEncoding = 4; lastKnownFileType = sourcecode.swift; path = SoundProtocols.swift; sourceTree = "<group>"; };
		ADD367EE2136DA2900C6E7DA /* ModelSoundTypes.swift */ = {isa = PBXFileReference; fileEncoding = 4; lastKnownFileType = sourcecode.swift; path = ModelSoundTypes.swift; sourceTree = "<group>"; };
		ADD367F02136DA2900C6E7DA /* GlobalsTemp.swift */ = {isa = PBXFileReference; fileEncoding = 4; lastKnownFileType = sourcecode.swift; path = GlobalsTemp.swift; sourceTree = "<group>"; };
		ADD367F52136DA2900C6E7DA /* BB_HammerView.xib */ = {isa = PBXFileReference; fileEncoding = 4; lastKnownFileType = file.xib; path = BB_HammerView.xib; sourceTree = "<group>"; };
		ADD367F62136DA2900C6E7DA /* BB_BuyTotemView.swift */ = {isa = PBXFileReference; fileEncoding = 4; lastKnownFileType = sourcecode.swift; path = BB_BuyTotemView.swift; sourceTree = "<group>"; };
		ADD367F72136DA2900C6E7DA /* BB_TNameScoreView.xib */ = {isa = PBXFileReference; fileEncoding = 4; lastKnownFileType = file.xib; path = BB_TNameScoreView.xib; sourceTree = "<group>"; };
		ADD367F82136DA2900C6E7DA /* BB_BricksBarView.swift */ = {isa = PBXFileReference; fileEncoding = 4; lastKnownFileType = sourcecode.swift; path = BB_BricksBarView.swift; sourceTree = "<group>"; };
		ADD367F92136DA2900C6E7DA /* BB_BuyTotemView.xib */ = {isa = PBXFileReference; fileEncoding = 4; lastKnownFileType = file.xib; path = BB_BuyTotemView.xib; sourceTree = "<group>"; };
		ADD367FA2136DA2900C6E7DA /* BB_TNameScoreView.swift */ = {isa = PBXFileReference; fileEncoding = 4; lastKnownFileType = sourcecode.swift; path = BB_TNameScoreView.swift; sourceTree = "<group>"; };
		ADD367FB2136DA2900C6E7DA /* BB_BricksBarView.xib */ = {isa = PBXFileReference; fileEncoding = 4; lastKnownFileType = file.xib; path = BB_BricksBarView.xib; sourceTree = "<group>"; };
		ADD367FC2136DA2900C6E7DA /* BB_HammerView.swift */ = {isa = PBXFileReference; fileEncoding = 4; lastKnownFileType = sourcecode.swift; path = BB_HammerView.swift; sourceTree = "<group>"; };
		ADD367FE2136DA2900C6E7DA /* CT_Globals.swift */ = {isa = PBXFileReference; fileEncoding = 4; lastKnownFileType = sourcecode.swift; path = CT_Globals.swift; sourceTree = "<group>"; };
		ADD368002136DA2900C6E7DA /* CT_Model_1.swift */ = {isa = PBXFileReference; fileEncoding = 4; lastKnownFileType = sourcecode.swift; path = CT_Model_1.swift; sourceTree = "<group>"; };
		ADD368012136DA2900C6E7DA /* CT_Model.swift */ = {isa = PBXFileReference; fileEncoding = 4; lastKnownFileType = sourcecode.swift; path = CT_Model.swift; sourceTree = "<group>"; };
		ADD368032136DA2900C6E7DA /* BW_Assets.xcassets */ = {isa = PBXFileReference; lastKnownFileType = folder.assetcatalog; path = BW_Assets.xcassets; sourceTree = "<group>"; };
		ADD368072136DA2900C6E7DA /* CT_Constants.swift */ = {isa = PBXFileReference; fileEncoding = 4; lastKnownFileType = sourcecode.swift; path = CT_Constants.swift; sourceTree = "<group>"; };
		ADD368092136DA2900C6E7DA /* CT_Stopwatch.swift */ = {isa = PBXFileReference; fileEncoding = 4; lastKnownFileType = sourcecode.swift; path = CT_Stopwatch.swift; sourceTree = "<group>"; };
		ADD3680B2136DA2900C6E7DA /* Assets.xcassets */ = {isa = PBXFileReference; lastKnownFileType = folder.assetcatalog; path = Assets.xcassets; sourceTree = "<group>"; };
		ADD3680D2136DA2900C6E7DA /* BrickWallVC.swift */ = {isa = PBXFileReference; fileEncoding = 4; lastKnownFileType = sourcecode.swift; path = BrickWallVC.swift; sourceTree = "<group>"; };
		ADD3680F2136DA2900C6E7DA /* CT_Protocols_2.swift */ = {isa = PBXFileReference; fileEncoding = 4; lastKnownFileType = sourcecode.swift; path = CT_Protocols_2.swift; sourceTree = "<group>"; };
		ADD368102136DA2900C6E7DA /* CT_Protocols_1.swift */ = {isa = PBXFileReference; fileEncoding = 4; lastKnownFileType = sourcecode.swift; path = CT_Protocols_1.swift; sourceTree = "<group>"; };
		ADD368112136DA2900C6E7DA /* CT_Protocols_3.swift */ = {isa = PBXFileReference; fileEncoding = 4; lastKnownFileType = sourcecode.swift; path = CT_Protocols_3.swift; sourceTree = "<group>"; };
		ADD368132136DA2900C6E7DA /* totemOriginal.json */ = {isa = PBXFileReference; fileEncoding = 4; lastKnownFileType = text.json; path = totemOriginal.json; sourceTree = "<group>"; };
		ADD368162136DA2900C6E7DA /* BW_BrickView.xib */ = {isa = PBXFileReference; fileEncoding = 4; lastKnownFileType = file.xib; path = BW_BrickView.xib; sourceTree = "<group>"; };
		ADD368172136DA2900C6E7DA /* BW_GameOver.swift */ = {isa = PBXFileReference; fileEncoding = 4; lastKnownFileType = sourcecode.swift; path = BW_GameOver.swift; sourceTree = "<group>"; };
		ADD368182136DA2900C6E7DA /* BW_GameOver.xib */ = {isa = PBXFileReference; fileEncoding = 4; lastKnownFileType = file.xib; path = BW_GameOver.xib; sourceTree = "<group>"; };
		ADD368192136DA2900C6E7DA /* BW_BrickView.swift */ = {isa = PBXFileReference; fileEncoding = 4; lastKnownFileType = sourcecode.swift; path = BW_BrickView.swift; sourceTree = "<group>"; };
		ADD3681B2136DA2900C6E7DA /* BB_Assets.xcassets */ = {isa = PBXFileReference; lastKnownFileType = folder.assetcatalog; path = BB_Assets.xcassets; sourceTree = "<group>"; };
		ADD40DAB213300F600DE27C9 /* QuizzWall.app */ = {isa = PBXFileReference; explicitFileType = wrapper.application; includeInIndex = 0; path = QuizzWall.app; sourceTree = BUILT_PRODUCTS_DIR; };
		ADD40DAE213300F600DE27C9 /* AppDelegate.swift */ = {isa = PBXFileReference; lastKnownFileType = sourcecode.swift; path = AppDelegate.swift; sourceTree = "<group>"; };
		ADD40DB0213300F700DE27C9 /* QuizzVC.swift */ = {isa = PBXFileReference; lastKnownFileType = sourcecode.swift; path = QuizzVC.swift; sourceTree = "<group>"; };
		ADD40DB3213300F700DE27C9 /* Base */ = {isa = PBXFileReference; lastKnownFileType = file.storyboard; name = Base; path = Base.lproj/Main.storyboard; sourceTree = "<group>"; };
		ADD40DB5213300F900DE27C9 /* Assets.xcassets */ = {isa = PBXFileReference; lastKnownFileType = folder.assetcatalog; path = Assets.xcassets; sourceTree = "<group>"; };
		ADD40DB8213300F900DE27C9 /* Base */ = {isa = PBXFileReference; lastKnownFileType = file.storyboard; name = Base; path = Base.lproj/LaunchScreen.storyboard; sourceTree = "<group>"; };
		ADD40DBA213300F900DE27C9 /* Info.plist */ = {isa = PBXFileReference; lastKnownFileType = text.plist.xml; path = Info.plist; sourceTree = "<group>"; };
		AE539EB0EF9A3D15FF349B86 /* Pods-QuizzWall.release.xcconfig */ = {isa = PBXFileReference; includeInIndex = 1; lastKnownFileType = text.xcconfig; name = "Pods-QuizzWall.release.xcconfig"; path = "Pods/Target Support Files/Pods-QuizzWall/Pods-QuizzWall.release.xcconfig"; sourceTree = "<group>"; };
		E97C9BCA455EEC688B4B7BDD /* Pods_QuizzWall.framework */ = {isa = PBXFileReference; explicitFileType = wrapper.framework; includeInIndex = 0; path = Pods_QuizzWall.framework; sourceTree = BUILT_PRODUCTS_DIR; };
/* End PBXFileReference section */

/* Begin PBXFrameworksBuildPhase section */
		ADD40DA8213300F600DE27C9 /* Frameworks */ = {
			isa = PBXFrameworksBuildPhase;
			buildActionMask = 2147483647;
			files = (
				2A5CD25EC18DCB43C8CC2650 /* Pods_QuizzWall.framework in Frameworks */,
			);
			runOnlyForDeploymentPostprocessing = 0;
		};
/* End PBXFrameworksBuildPhase section */

/* Begin PBXGroup section */
		6AE4EA303D0BC457BBDA2D0D /* Pods */ = {
			isa = PBXGroup;
			children = (
				9C1AFA85751F72C83DBF76A2 /* Pods-QuizzWall.debug.xcconfig */,
				AE539EB0EF9A3D15FF349B86 /* Pods-QuizzWall.release.xcconfig */,
			);
			name = Pods;
			sourceTree = "<group>";
		};
		A8BCD6206E6593CC4DDA5802 /* Frameworks */ = {
			isa = PBXGroup;
			children = (
				E97C9BCA455EEC688B4B7BDD /* Pods_QuizzWall.framework */,
			);
			name = Frameworks;
			sourceTree = "<group>";
		};
		AD10511721392649002AAE83 /* Localize */ = {
			isa = PBXGroup;
			children = (
				AD1051182139265F002AAE83 /* Localizable.strings */,
			);
			path = Localize;
			sourceTree = "<group>";
		};
		AD192D6121352D9A0041921C /* SmallHelpers */ = {
			isa = PBXGroup;
			children = (
				AD192D6221352DB50041921C /* PhoneLanguage.swift */,
			);
			path = SmallHelpers;
			sourceTree = "<group>";
		};
		AD545698213316A70070890F /* supportFiles */ = {
			isa = PBXGroup;
			children = (
				ADD40DAE213300F600DE27C9 /* AppDelegate.swift */,
				ADD40DB7213300F900DE27C9 /* LaunchScreen.storyboard */,
				ADD40DB5213300F900DE27C9 /* Assets.xcassets */,
			);
			path = supportFiles;
			sourceTree = "<group>";
		};
		AD54569D213321C90070890F /* Networking */ = {
			isa = PBXGroup;
			children = (
				AD192D642135379A0041921C /* Networking.swift */,
				AD54569E213321DC0070890F /* ServerRequest.swift */,
			);
			path = Networking;
			sourceTree = "<group>";
		};
		AD5456A521334DC60070890F /* Model */ = {
			isa = PBXGroup;
			children = (
				AD192D5D21343FC40041921C /* Model.swift */,
				AD5456A621334DCC0070890F /* Storage */,
			);
			path = Model;
			sourceTree = "<group>";
		};
		AD5456A621334DCC0070890F /* Storage */ = {
			isa = PBXGroup;
			children = (
				AD5456A721334DDF0070890F /* questionVersions.swift */,
			);
			path = Storage;
			sourceTree = "<group>";
		};
		AD5ADF4A2139412000FAE42E /* View */ = {
			isa = PBXGroup;
			children = (
				AD5ADF4B2139412E00FAE42E /* BtnWithInlineImgImgLbl.swift */,
				AD5ADF4C2139412E00FAE42E /* BtnWithInlineImgImgLbl.xib */,
				ADB9AD72213954E30051FD51 /* InfoView.swift */,
				ADB9AD70213954CE0051FD51 /* InfoView.xib */,
			);
			path = View;
			sourceTree = "<group>";
		};
		AD86A4B92133EA4300119A7B /* MV_VM */ = {
			isa = PBXGroup;
			children = (
				AD86A4BA2133EA4D00119A7B /* MVVM_UserDefaults.swift */,
				AD192D5B213438B10041921C /* MVVM_FileSystem.swift */,
			);
			path = MV_VM;
			sourceTree = "<group>";
		};
		AD86A4BC213409B100119A7B /* Persistance */ = {
			isa = PBXGroup;
			children = (
				AD86A4B72133E08200119A7B /* UserDefaultsPersister.swift */,
				AD86A4BD213409C500119A7B /* FileManagerPersister.swift */,
			);
			path = Persistance;
			sourceTree = "<group>";
		};
		AD86A4BF21340ECE00119A7B /* Extensions */ = {
			isa = PBXGroup;
			children = (
				AD86A4C021340ED800119A7B /* Extensions.swift */,
			);
			path = Extensions;
			sourceTree = "<group>";
		};
		ADD367E52136C85600C6E7DA /* VCs */ = {
			isa = PBXGroup;
			children = (
				ADD40DB0213300F700DE27C9 /* QuizzVC.swift */,
			);
			path = VCs;
			sourceTree = "<group>";
		};
		ADD367E62136C86E00C6E7DA /* ConstGlobals */ = {
			isa = PBXGroup;
			children = (
				AD54569B213321910070890F /* Constants.swift */,
				AD5456A2213324240070890F /* Globals.swift */,
			);
			path = ConstGlobals;
			sourceTree = "<group>";
		};
		ADD367E72136DA1200C6E7DA /* BrickWall */ = {
			isa = PBXGroup;
			children = (
				ADD367E82136DA2900C6E7DA /* Protocols */,
				ADD367EB2136DA2900C6E7DA /* Sounds */,
				ADD367EF2136DA2900C6E7DA /* TempCode */,
				ADD367F12136DA2900C6E7DA /* tryJustBrickWall */,
			);
			path = BrickWall;
			sourceTree = "<group>";
		};
		ADD367E82136DA2900C6E7DA /* Protocols */ = {
			isa = PBXGroup;
			children = (
				ADD367E92136DA2900C6E7DA /* AG_Protocols_2.swift */,
				ADD367EA2136DA2900C6E7DA /* AG_Protocols_1.swift */,
			);
			name = Protocols;
			path = "../../../Desktop/tryJustBrickWallVC clean/Protocols";
			sourceTree = "<group>";
		};
		ADD367EB2136DA2900C6E7DA /* Sounds */ = {
			isa = PBXGroup;
			children = (
				ADD367EC2136DA2900C6E7DA /* SoundManager.swift */,
				ADD367ED2136DA2900C6E7DA /* SoundProtocols.swift */,
				ADD367EE2136DA2900C6E7DA /* ModelSoundTypes.swift */,
			);
			name = Sounds;
			path = "../../../Desktop/tryJustBrickWallVC clean/Sounds";
			sourceTree = "<group>";
		};
		ADD367EF2136DA2900C6E7DA /* TempCode */ = {
			isa = PBXGroup;
			children = (
				ADD367F02136DA2900C6E7DA /* GlobalsTemp.swift */,
			);
			name = TempCode;
			path = "../../../Desktop/tryJustBrickWallVC clean/TempCode";
			sourceTree = "<group>";
		};
		ADD367F12136DA2900C6E7DA /* tryJustBrickWall */ = {
			isa = PBXGroup;
			children = (
				ADD367F22136DA2900C6E7DA /* BW_tryBrickWall */,
			);
			name = tryJustBrickWall;
			path = "../../../Desktop/tryJustBrickWallVC clean/tryJustBrickWall";
			sourceTree = "<group>";
		};
		ADD367F22136DA2900C6E7DA /* BW_tryBrickWall */ = {
			isa = PBXGroup;
			children = (
				ADD367F32136DA2900C6E7DA /* BB_Views */,
				ADD367FD2136DA2900C6E7DA /* CT_Globals */,
				ADD367FF2136DA2900C6E7DA /* CT_Model */,
				ADD368022136DA2900C6E7DA /* BW_Assets */,
				ADD368062136DA2900C6E7DA /* CT_Constants */,
				ADD368082136DA2900C6E7DA /* CT_Timer */,
				ADD3680A2136DA2900C6E7DA /* AppDel i sl */,
				ADD3680C2136DA2900C6E7DA /* VCs */,
				ADD3680E2136DA2900C6E7DA /* BW_Protocols */,
				ADD368122136DA2900C6E7DA /* totemJson */,
				ADD368142136DA2900C6E7DA /* BW_Views */,
				ADD3681A2136DA2900C6E7DA /* BB_Assets */,
			);
			path = BW_tryBrickWall;
			sourceTree = "<group>";
		};
		ADD367F32136DA2900C6E7DA /* BB_Views */ = {
			isa = PBXGroup;
			children = (
				ADD367F42136DA2900C6E7DA /* BB_XIB */,
			);
			path = BB_Views;
			sourceTree = "<group>";
		};
		ADD367F42136DA2900C6E7DA /* BB_XIB */ = {
			isa = PBXGroup;
			children = (
				ADD367F52136DA2900C6E7DA /* BB_HammerView.xib */,
				ADD367F62136DA2900C6E7DA /* BB_BuyTotemView.swift */,
				ADD367F72136DA2900C6E7DA /* BB_TNameScoreView.xib */,
				ADD367F82136DA2900C6E7DA /* BB_BricksBarView.swift */,
				ADD367F92136DA2900C6E7DA /* BB_BuyTotemView.xib */,
				ADD367FA2136DA2900C6E7DA /* BB_TNameScoreView.swift */,
				ADD367FB2136DA2900C6E7DA /* BB_BricksBarView.xib */,
				ADD367FC2136DA2900C6E7DA /* BB_HammerView.swift */,
			);
			path = BB_XIB;
			sourceTree = "<group>";
		};
		ADD367FD2136DA2900C6E7DA /* CT_Globals */ = {
			isa = PBXGroup;
			children = (
				ADD367FE2136DA2900C6E7DA /* CT_Globals.swift */,
			);
			path = CT_Globals;
			sourceTree = "<group>";
		};
		ADD367FF2136DA2900C6E7DA /* CT_Model */ = {
			isa = PBXGroup;
			children = (
				ADD368002136DA2900C6E7DA /* CT_Model_1.swift */,
				ADD368012136DA2900C6E7DA /* CT_Model.swift */,
			);
			path = CT_Model;
			sourceTree = "<group>";
		};
		ADD368022136DA2900C6E7DA /* BW_Assets */ = {
			isa = PBXGroup;
			children = (
				ADD368032136DA2900C6E7DA /* BW_Assets.xcassets */,
			);
			path = BW_Assets;
			sourceTree = "<group>";
		};
		ADD368062136DA2900C6E7DA /* CT_Constants */ = {
			isa = PBXGroup;
			children = (
				ADD368072136DA2900C6E7DA /* CT_Constants.swift */,
			);
			path = CT_Constants;
			sourceTree = "<group>";
		};
		ADD368082136DA2900C6E7DA /* CT_Timer */ = {
			isa = PBXGroup;
			children = (
				ADD368092136DA2900C6E7DA /* CT_Stopwatch.swift */,
			);
			path = CT_Timer;
			sourceTree = "<group>";
		};
		ADD3680A2136DA2900C6E7DA /* AppDel i sl */ = {
			isa = PBXGroup;
			children = (
				ADD3680B2136DA2900C6E7DA /* Assets.xcassets */,
			);
			path = "AppDel i sl";
			sourceTree = "<group>";
		};
		ADD3680C2136DA2900C6E7DA /* VCs */ = {
			isa = PBXGroup;
			children = (
				ADD3680D2136DA2900C6E7DA /* BrickWallVC.swift */,
			);
			path = VCs;
			sourceTree = "<group>";
		};
		ADD3680E2136DA2900C6E7DA /* BW_Protocols */ = {
			isa = PBXGroup;
			children = (
				ADD3680F2136DA2900C6E7DA /* CT_Protocols_2.swift */,
				ADD368102136DA2900C6E7DA /* CT_Protocols_1.swift */,
				ADD368112136DA2900C6E7DA /* CT_Protocols_3.swift */,
			);
			path = BW_Protocols;
			sourceTree = "<group>";
		};
		ADD368122136DA2900C6E7DA /* totemJson */ = {
			isa = PBXGroup;
			children = (
				ADD368132136DA2900C6E7DA /* totemOriginal.json */,
			);
			path = totemJson;
			sourceTree = "<group>";
		};
		ADD368142136DA2900C6E7DA /* BW_Views */ = {
			isa = PBXGroup;
			children = (
				ADD368152136DA2900C6E7DA /* BW_XIB */,
			);
			path = BW_Views;
			sourceTree = "<group>";
		};
		ADD368152136DA2900C6E7DA /* BW_XIB */ = {
			isa = PBXGroup;
			children = (
				ADD368162136DA2900C6E7DA /* BW_BrickView.xib */,
				ADD368172136DA2900C6E7DA /* BW_GameOver.swift */,
				ADD368182136DA2900C6E7DA /* BW_GameOver.xib */,
				ADD368192136DA2900C6E7DA /* BW_BrickView.swift */,
			);
			path = BW_XIB;
			sourceTree = "<group>";
		};
		ADD3681A2136DA2900C6E7DA /* BB_Assets */ = {
			isa = PBXGroup;
			children = (
				ADD3681B2136DA2900C6E7DA /* BB_Assets.xcassets */,
			);
			path = BB_Assets;
			sourceTree = "<group>";
		};
		ADD40DA2213300F600DE27C9 = {
			isa = PBXGroup;
			children = (
				ADD367E72136DA1200C6E7DA /* BrickWall */,
				ADD40DAD213300F600DE27C9 /* QuizzWall */,
				ADD40DAC213300F600DE27C9 /* Products */,
				6AE4EA303D0BC457BBDA2D0D /* Pods */,
				A8BCD6206E6593CC4DDA5802 /* Frameworks */,
			);
			sourceTree = "<group>";
		};
		ADD40DAC213300F600DE27C9 /* Products */ = {
			isa = PBXGroup;
			children = (
				ADD40DAB213300F600DE27C9 /* QuizzWall.app */,
			);
			name = Products;
			sourceTree = "<group>";
		};
		ADD40DAD213300F600DE27C9 /* QuizzWall */ = {
			isa = PBXGroup;
			children = (
				AD5ADF4A2139412000FAE42E /* View */,
				AD10511721392649002AAE83 /* Localize */,
				ADD367E52136C85600C6E7DA /* VCs */,
				AD192D6121352D9A0041921C /* SmallHelpers */,
				AD86A4BF21340ECE00119A7B /* Extensions */,
				AD86A4BC213409B100119A7B /* Persistance */,
				AD86A4B92133EA4300119A7B /* MV_VM */,
				AD5456A521334DC60070890F /* Model */,
				AD54569D213321C90070890F /* Networking */,
				ADD367E62136C86E00C6E7DA /* ConstGlobals */,
				AD545698213316A70070890F /* supportFiles */,
				AD5456A0213323130070890F /* Versions.swift */,
				ADD40DB2213300F700DE27C9 /* Main.storyboard */,
				ADD40DBA213300F900DE27C9 /* Info.plist */,
				AD1A768921330408008EADD0 /* GoogleService-Info.plist */,
			);
			path = QuizzWall;
			sourceTree = "<group>";
		};
/* End PBXGroup section */

/* Begin PBXNativeTarget section */
		ADD40DAA213300F600DE27C9 /* QuizzWall */ = {
			isa = PBXNativeTarget;
			buildConfigurationList = ADD40DBD213300F900DE27C9 /* Build configuration list for PBXNativeTarget "QuizzWall" */;
			buildPhases = (
				6F397A69C3160636E6649051 /* [CP] Check Pods Manifest.lock */,
				ADD40DA7213300F600DE27C9 /* Sources */,
				ADD40DA8213300F600DE27C9 /* Frameworks */,
				ADD40DA9213300F600DE27C9 /* Resources */,
				F31D030C6C7B744454B350D1 /* [CP] Embed Pods Frameworks */,
			);
			buildRules = (
			);
			dependencies = (
			);
			name = QuizzWall;
			productName = QuizzWall;
			productReference = ADD40DAB213300F600DE27C9 /* QuizzWall.app */;
			productType = "com.apple.product-type.application";
		};
/* End PBXNativeTarget section */

/* Begin PBXProject section */
		ADD40DA3213300F600DE27C9 /* Project object */ = {
			isa = PBXProject;
			attributes = {
				LastSwiftUpdateCheck = 0940;
				LastUpgradeCheck = 0940;
				ORGANIZATIONNAME = "Marko Dimitrijevic";
				TargetAttributes = {
					ADD40DAA213300F600DE27C9 = {
						CreatedOnToolsVersion = 9.4;
					};
				};
			};
			buildConfigurationList = ADD40DA6213300F600DE27C9 /* Build configuration list for PBXProject "QuizzWall" */;
			compatibilityVersion = "Xcode 9.3";
			developmentRegion = en;
			hasScannedForEncodings = 0;
			knownRegions = (
				en,
				Base,
			);
			mainGroup = ADD40DA2213300F600DE27C9;
			productRefGroup = ADD40DAC213300F600DE27C9 /* Products */;
			projectDirPath = "";
			projectRoot = "";
			targets = (
				ADD40DAA213300F600DE27C9 /* QuizzWall */,
			);
		};
/* End PBXProject section */

/* Begin PBXResourcesBuildPhase section */
		ADD40DA9213300F600DE27C9 /* Resources */ = {
			isa = PBXResourcesBuildPhase;
			buildActionMask = 2147483647;
			files = (
				AD5ADF4E2139412F00FAE42E /* BtnWithInlineImgImgLbl.xib in Resources */,
				AD1051192139265F002AAE83 /* Localizable.strings in Resources */,
				ADD40DB9213300F900DE27C9 /* LaunchScreen.storyboard in Resources */,
				ADD368372136DA2A00C6E7DA /* BW_BrickView.xib in Resources */,
				ADD368392136DA2A00C6E7DA /* BW_GameOver.xib in Resources */,
				ADD368242136DA2A00C6E7DA /* BB_TNameScoreView.xib in Resources */,
				ADD368312136DA2A00C6E7DA /* Assets.xcassets in Resources */,
				AD1A768A21330409008EADD0 /* GoogleService-Info.plist in Resources */,
				ADB9AD71213954CE0051FD51 /* InfoView.xib in Resources */,
				ADD368222136DA2A00C6E7DA /* BB_HammerView.xib in Resources */,
				ADD40DB6213300F900DE27C9 /* Assets.xcassets in Resources */,
				ADD40DB4213300F700DE27C9 /* Main.storyboard in Resources */,
				ADD368282136DA2A00C6E7DA /* BB_BricksBarView.xib in Resources */,
				ADD368362136DA2A00C6E7DA /* totemOriginal.json in Resources */,
				ADD3683B2136DA2A00C6E7DA /* BB_Assets.xcassets in Resources */,
				ADD3682D2136DA2A00C6E7DA /* BW_Assets.xcassets in Resources */,
				ADD368262136DA2A00C6E7DA /* BB_BuyTotemView.xib in Resources */,
			);
			runOnlyForDeploymentPostprocessing = 0;
		};
/* End PBXResourcesBuildPhase section */

/* Begin PBXShellScriptBuildPhase section */
		6F397A69C3160636E6649051 /* [CP] Check Pods Manifest.lock */ = {
			isa = PBXShellScriptBuildPhase;
			buildActionMask = 2147483647;
			files = (
			);
			inputPaths = (
				"${PODS_PODFILE_DIR_PATH}/Podfile.lock",
				"${PODS_ROOT}/Manifest.lock",
			);
			name = "[CP] Check Pods Manifest.lock";
			outputPaths = (
				"$(DERIVED_FILE_DIR)/Pods-QuizzWall-checkManifestLockResult.txt",
			);
			runOnlyForDeploymentPostprocessing = 0;
			shellPath = /bin/sh;
			shellScript = "diff \"${PODS_PODFILE_DIR_PATH}/Podfile.lock\" \"${PODS_ROOT}/Manifest.lock\" > /dev/null\nif [ $? != 0 ] ; then\n    # print error to STDERR\n    echo \"error: The sandbox is not in sync with the Podfile.lock. Run 'pod install' or update your CocoaPods installation.\" >&2\n    exit 1\nfi\n# This output is used by Xcode 'outputs' to avoid re-running this script phase.\necho \"SUCCESS\" > \"${SCRIPT_OUTPUT_FILE_0}\"\n";
			showEnvVarsInLog = 0;
		};
		F31D030C6C7B744454B350D1 /* [CP] Embed Pods Frameworks */ = {
			isa = PBXShellScriptBuildPhase;
			buildActionMask = 2147483647;
			files = (
			);
			inputPaths = (
				"${SRCROOT}/Pods/Target Support Files/Pods-QuizzWall/Pods-QuizzWall-frameworks.sh",
				"${BUILT_PRODUCTS_DIR}/GTMSessionFetcher/GTMSessionFetcher.framework",
				"${BUILT_PRODUCTS_DIR}/GoogleToolboxForMac/GoogleToolboxForMac.framework",
				"${BUILT_PRODUCTS_DIR}/nanopb/nanopb.framework",
			);
			name = "[CP] Embed Pods Frameworks";
			outputPaths = (
				"${TARGET_BUILD_DIR}/${FRAMEWORKS_FOLDER_PATH}/GTMSessionFetcher.framework",
				"${TARGET_BUILD_DIR}/${FRAMEWORKS_FOLDER_PATH}/GoogleToolboxForMac.framework",
				"${TARGET_BUILD_DIR}/${FRAMEWORKS_FOLDER_PATH}/nanopb.framework",
			);
			runOnlyForDeploymentPostprocessing = 0;
			shellPath = /bin/sh;
			shellScript = "\"${SRCROOT}/Pods/Target Support Files/Pods-QuizzWall/Pods-QuizzWall-frameworks.sh\"\n";
			showEnvVarsInLog = 0;
		};
/* End PBXShellScriptBuildPhase section */

/* Begin PBXSourcesBuildPhase section */
		ADD40DA7213300F600DE27C9 /* Sources */ = {
			isa = PBXSourcesBuildPhase;
			buildActionMask = 2147483647;
			files = (
				AD5456A821334DDF0070890F /* questionVersions.swift in Sources */,
				ADD368272136DA2A00C6E7DA /* BB_TNameScoreView.swift in Sources */,
				ADD368352136DA2A00C6E7DA /* CT_Protocols_3.swift in Sources */,
				ADD40DB1213300F700DE27C9 /* QuizzVC.swift in Sources */,
				ADD368322136DA2A00C6E7DA /* BrickWallVC.swift in Sources */,
				ADD368292136DA2A00C6E7DA /* BB_HammerView.swift in Sources */,
				ADB9AD73213954E30051FD51 /* InfoView.swift in Sources */,
				ADD3681F2136DA2A00C6E7DA /* SoundProtocols.swift in Sources */,
				AD5456A1213323130070890F /* Versions.swift in Sources */,
				AD86A4BB2133EA4D00119A7B /* MVVM_UserDefaults.swift in Sources */,
				AD5456A3213324240070890F /* Globals.swift in Sources */,
				ADD3681D2136DA2A00C6E7DA /* AG_Protocols_1.swift in Sources */,
				ADD368252136DA2A00C6E7DA /* BB_BricksBarView.swift in Sources */,
				ADD368342136DA2A00C6E7DA /* CT_Protocols_1.swift in Sources */,
				ADD40DAF213300F600DE27C9 /* AppDelegate.swift in Sources */,
				AD192D652135379A0041921C /* Networking.swift in Sources */,
				ADD3682C2136DA2A00C6E7DA /* CT_Model.swift in Sources */,
				AD192D5E21343FC40041921C /* Model.swift in Sources */,
				ADD368302136DA2A00C6E7DA /* CT_Stopwatch.swift in Sources */,
				AD54569F213321DC0070890F /* ServerRequest.swift in Sources */,
				AD5ADF4D2139412F00FAE42E /* BtnWithInlineImgImgLbl.swift in Sources */,
				ADD3682B2136DA2A00C6E7DA /* CT_Model_1.swift in Sources */,
				ADD368382136DA2A00C6E7DA /* BW_GameOver.swift in Sources */,
				ADD368202136DA2A00C6E7DA /* ModelSoundTypes.swift in Sources */,
				AD86A4B82133E08200119A7B /* UserDefaultsPersister.swift in Sources */,
				AD54569C213321910070890F /* Constants.swift in Sources */,
				ADD368212136DA2A00C6E7DA /* GlobalsTemp.swift in Sources */,
				AD86A4C121340ED800119A7B /* Extensions.swift in Sources */,
				ADD3681C2136DA2A00C6E7DA /* AG_Protocols_2.swift in Sources */,
				AD192D5C213438B10041921C /* MVVM_FileSystem.swift in Sources */,
				AD86A4BE213409C500119A7B /* FileManagerPersister.swift in Sources */,
				AD192D6321352DB50041921C /* PhoneLanguage.swift in Sources */,
				ADD368332136DA2A00C6E7DA /* CT_Protocols_2.swift in Sources */,
				ADD3682F2136DA2A00C6E7DA /* CT_Constants.swift in Sources */,
				ADD3681E2136DA2A00C6E7DA /* SoundManager.swift in Sources */,
				ADD368232136DA2A00C6E7DA /* BB_BuyTotemView.swift in Sources */,
				ADD3682A2136DA2A00C6E7DA /* CT_Globals.swift in Sources */,
				ADD3683A2136DA2A00C6E7DA /* BW_BrickView.swift in Sources */,
			);
			runOnlyForDeploymentPostprocessing = 0;
		};
/* End PBXSourcesBuildPhase section */

/* Begin PBXVariantGroup section */
		ADD40DB2213300F700DE27C9 /* Main.storyboard */ = {
			isa = PBXVariantGroup;
			children = (
				ADD40DB3213300F700DE27C9 /* Base */,
			);
			name = Main.storyboard;
			sourceTree = "<group>";
		};
		ADD40DB7213300F900DE27C9 /* LaunchScreen.storyboard */ = {
			isa = PBXVariantGroup;
			children = (
				ADD40DB8213300F900DE27C9 /* Base */,
			);
			name = LaunchScreen.storyboard;
			sourceTree = "<group>";
		};
/* End PBXVariantGroup section */

/* Begin XCBuildConfiguration section */
		ADD40DBB213300F900DE27C9 /* Debug */ = {
			isa = XCBuildConfiguration;
			buildSettings = {
				ALWAYS_SEARCH_USER_PATHS = NO;
				CLANG_ANALYZER_NONNULL = YES;
				CLANG_ANALYZER_NUMBER_OBJECT_CONVERSION = YES_AGGRESSIVE;
				CLANG_CXX_LANGUAGE_STANDARD = "gnu++14";
				CLANG_CXX_LIBRARY = "libc++";
				CLANG_ENABLE_MODULES = YES;
				CLANG_ENABLE_OBJC_ARC = YES;
				CLANG_ENABLE_OBJC_WEAK = YES;
				CLANG_WARN_BLOCK_CAPTURE_AUTORELEASING = YES;
				CLANG_WARN_BOOL_CONVERSION = YES;
				CLANG_WARN_COMMA = YES;
				CLANG_WARN_CONSTANT_CONVERSION = YES;
				CLANG_WARN_DEPRECATED_OBJC_IMPLEMENTATIONS = YES;
				CLANG_WARN_DIRECT_OBJC_ISA_USAGE = YES_ERROR;
				CLANG_WARN_DOCUMENTATION_COMMENTS = YES;
				CLANG_WARN_EMPTY_BODY = YES;
				CLANG_WARN_ENUM_CONVERSION = YES;
				CLANG_WARN_INFINITE_RECURSION = YES;
				CLANG_WARN_INT_CONVERSION = YES;
				CLANG_WARN_NON_LITERAL_NULL_CONVERSION = YES;
				CLANG_WARN_OBJC_IMPLICIT_RETAIN_SELF = YES;
				CLANG_WARN_OBJC_LITERAL_CONVERSION = YES;
				CLANG_WARN_OBJC_ROOT_CLASS = YES_ERROR;
				CLANG_WARN_RANGE_LOOP_ANALYSIS = YES;
				CLANG_WARN_STRICT_PROTOTYPES = YES;
				CLANG_WARN_SUSPICIOUS_MOVE = YES;
				CLANG_WARN_UNGUARDED_AVAILABILITY = YES_AGGRESSIVE;
				CLANG_WARN_UNREACHABLE_CODE = YES;
				CLANG_WARN__DUPLICATE_METHOD_MATCH = YES;
				CODE_SIGN_IDENTITY = "iPhone Developer";
				COPY_PHASE_STRIP = NO;
				DEBUG_INFORMATION_FORMAT = dwarf;
				ENABLE_STRICT_OBJC_MSGSEND = YES;
				ENABLE_TESTABILITY = YES;
				GCC_C_LANGUAGE_STANDARD = gnu11;
				GCC_DYNAMIC_NO_PIC = NO;
				GCC_NO_COMMON_BLOCKS = YES;
				GCC_OPTIMIZATION_LEVEL = 0;
				GCC_PREPROCESSOR_DEFINITIONS = (
					"DEBUG=1",
					"$(inherited)",
				);
				GCC_WARN_64_TO_32_BIT_CONVERSION = YES;
				GCC_WARN_ABOUT_RETURN_TYPE = YES_ERROR;
				GCC_WARN_UNDECLARED_SELECTOR = YES;
				GCC_WARN_UNINITIALIZED_AUTOS = YES_AGGRESSIVE;
				GCC_WARN_UNUSED_FUNCTION = YES;
				GCC_WARN_UNUSED_VARIABLE = YES;
				IPHONEOS_DEPLOYMENT_TARGET = 11.4;
				MTL_ENABLE_DEBUG_INFO = YES;
				ONLY_ACTIVE_ARCH = YES;
				SDKROOT = iphoneos;
				SWIFT_ACTIVE_COMPILATION_CONDITIONS = DEBUG;
				SWIFT_OPTIMIZATION_LEVEL = "-Onone";
			};
			name = Debug;
		};
		ADD40DBC213300F900DE27C9 /* Release */ = {
			isa = XCBuildConfiguration;
			buildSettings = {
				ALWAYS_SEARCH_USER_PATHS = NO;
				CLANG_ANALYZER_NONNULL = YES;
				CLANG_ANALYZER_NUMBER_OBJECT_CONVERSION = YES_AGGRESSIVE;
				CLANG_CXX_LANGUAGE_STANDARD = "gnu++14";
				CLANG_CXX_LIBRARY = "libc++";
				CLANG_ENABLE_MODULES = YES;
				CLANG_ENABLE_OBJC_ARC = YES;
				CLANG_ENABLE_OBJC_WEAK = YES;
				CLANG_WARN_BLOCK_CAPTURE_AUTORELEASING = YES;
				CLANG_WARN_BOOL_CONVERSION = YES;
				CLANG_WARN_COMMA = YES;
				CLANG_WARN_CONSTANT_CONVERSION = YES;
				CLANG_WARN_DEPRECATED_OBJC_IMPLEMENTATIONS = YES;
				CLANG_WARN_DIRECT_OBJC_ISA_USAGE = YES_ERROR;
				CLANG_WARN_DOCUMENTATION_COMMENTS = YES;
				CLANG_WARN_EMPTY_BODY = YES;
				CLANG_WARN_ENUM_CONVERSION = YES;
				CLANG_WARN_INFINITE_RECURSION = YES;
				CLANG_WARN_INT_CONVERSION = YES;
				CLANG_WARN_NON_LITERAL_NULL_CONVERSION = YES;
				CLANG_WARN_OBJC_IMPLICIT_RETAIN_SELF = YES;
				CLANG_WARN_OBJC_LITERAL_CONVERSION = YES;
				CLANG_WARN_OBJC_ROOT_CLASS = YES_ERROR;
				CLANG_WARN_RANGE_LOOP_ANALYSIS = YES;
				CLANG_WARN_STRICT_PROTOTYPES = YES;
				CLANG_WARN_SUSPICIOUS_MOVE = YES;
				CLANG_WARN_UNGUARDED_AVAILABILITY = YES_AGGRESSIVE;
				CLANG_WARN_UNREACHABLE_CODE = YES;
				CLANG_WARN__DUPLICATE_METHOD_MATCH = YES;
				CODE_SIGN_IDENTITY = "iPhone Developer";
				COPY_PHASE_STRIP = NO;
				DEBUG_INFORMATION_FORMAT = "dwarf-with-dsym";
				ENABLE_NS_ASSERTIONS = NO;
				ENABLE_STRICT_OBJC_MSGSEND = YES;
				GCC_C_LANGUAGE_STANDARD = gnu11;
				GCC_NO_COMMON_BLOCKS = YES;
				GCC_WARN_64_TO_32_BIT_CONVERSION = YES;
				GCC_WARN_ABOUT_RETURN_TYPE = YES_ERROR;
				GCC_WARN_UNDECLARED_SELECTOR = YES;
				GCC_WARN_UNINITIALIZED_AUTOS = YES_AGGRESSIVE;
				GCC_WARN_UNUSED_FUNCTION = YES;
				GCC_WARN_UNUSED_VARIABLE = YES;
				IPHONEOS_DEPLOYMENT_TARGET = 11.4;
				MTL_ENABLE_DEBUG_INFO = NO;
				SDKROOT = iphoneos;
				SWIFT_COMPILATION_MODE = wholemodule;
				SWIFT_OPTIMIZATION_LEVEL = "-O";
				VALIDATE_PRODUCT = YES;
			};
			name = Release;
		};
		ADD40DBE213300F900DE27C9 /* Debug */ = {
			isa = XCBuildConfiguration;
			baseConfigurationReference = 9C1AFA85751F72C83DBF76A2 /* Pods-QuizzWall.debug.xcconfig */;
			buildSettings = {
				ASSETCATALOG_COMPILER_APPICON_NAME = AppIcon;
				CODE_SIGN_STYLE = Automatic;
				DEVELOPMENT_TEAM = S26YPRY864;
				INFOPLIST_FILE = QuizzWall/Info.plist;
				LD_RUNPATH_SEARCH_PATHS = (
					"$(inherited)",
					"@executable_path/Frameworks",
				);
				PRODUCT_BUNDLE_IDENTIFIER = com.dkrtalic.QuizzWall;
				PRODUCT_NAME = "$(TARGET_NAME)";
				SWIFT_VERSION = 4.0;
				TARGETED_DEVICE_FAMILY = "1,2";
			};
			name = Debug;
		};
		ADD40DBF213300F900DE27C9 /* Release */ = {
			isa = XCBuildConfiguration;
			baseConfigurationReference = AE539EB0EF9A3D15FF349B86 /* Pods-QuizzWall.release.xcconfig */;
			buildSettings = {
				ASSETCATALOG_COMPILER_APPICON_NAME = AppIcon;
				CODE_SIGN_STYLE = Automatic;
				DEVELOPMENT_TEAM = S26YPRY864;
				INFOPLIST_FILE = QuizzWall/Info.plist;
				LD_RUNPATH_SEARCH_PATHS = (
					"$(inherited)",
					"@executable_path/Frameworks",
				);
				PRODUCT_BUNDLE_IDENTIFIER = com.dkrtalic.QuizzWall;
				PRODUCT_NAME = "$(TARGET_NAME)";
				SWIFT_VERSION = 4.0;
				TARGETED_DEVICE_FAMILY = "1,2";
			};
			name = Release;
		};
/* End XCBuildConfiguration section */

/* Begin XCConfigurationList section */
		ADD40DA6213300F600DE27C9 /* Build configuration list for PBXProject "QuizzWall" */ = {
			isa = XCConfigurationList;
			buildConfigurations = (
				ADD40DBB213300F900DE27C9 /* Debug */,
				ADD40DBC213300F900DE27C9 /* Release */,
			);
			defaultConfigurationIsVisible = 0;
			defaultConfigurationName = Release;
		};
		ADD40DBD213300F900DE27C9 /* Build configuration list for PBXNativeTarget "QuizzWall" */ = {
			isa = XCConfigurationList;
			buildConfigurations = (
				ADD40DBE213300F900DE27C9 /* Debug */,
				ADD40DBF213300F900DE27C9 /* Release */,
			);
			defaultConfigurationIsVisible = 0;
			defaultConfigurationName = Release;
		};
/* End XCConfigurationList section */
	};
	rootObject = ADD40DA3213300F600DE27C9 /* Project object */;
}
